// !$*UTF8*$!
{
	archiveVersion = 1;
	classes = {
	};
	objectVersion = 56;
	objects = {

/* Begin PBXBuildFile section */
		0A170CAE2C87BF4D0049BBD3 /* YellowProjectApp.swift in Sources */ = {isa = PBXBuildFile; fileRef = 0A170CAD2C87BF4D0049BBD3 /* YellowProjectApp.swift */; };
		0A170CB02C87BF4D0049BBD3 /* ContentView.swift in Sources */ = {isa = PBXBuildFile; fileRef = 0A170CAF2C87BF4D0049BBD3 /* ContentView.swift */; };
		0A170CB22C87BF4F0049BBD3 /* Assets.xcassets in Resources */ = {isa = PBXBuildFile; fileRef = 0A170CB12C87BF4F0049BBD3 /* Assets.xcassets */; };
		0A170CB52C87BF4F0049BBD3 /* Preview Assets.xcassets in Resources */ = {isa = PBXBuildFile; fileRef = 0A170CB42C87BF4F0049BBD3 /* Preview Assets.xcassets */; };
		0A170CBF2C87BF4F0049BBD3 /* YellowProjectTests.swift in Sources */ = {isa = PBXBuildFile; fileRef = 0A170CBE2C87BF4F0049BBD3 /* YellowProjectTests.swift */; };
		0A170CC92C87BF4F0049BBD3 /* YellowProjectUITests.swift in Sources */ = {isa = PBXBuildFile; fileRef = 0A170CC82C87BF4F0049BBD3 /* YellowProjectUITests.swift */; };
		0A170CCB2C87BF500049BBD3 /* YellowProjectUITestsLaunchTests.swift in Sources */ = {isa = PBXBuildFile; fileRef = 0A170CCA2C87BF500049BBD3 /* YellowProjectUITestsLaunchTests.swift */; };
		0A170CD82C87BF870049BBD3 /* yellow.swift in Sources */ = {isa = PBXBuildFile; fileRef = 0A170CD72C87BF870049BBD3 /* yellow.swift */; };
/* End PBXBuildFile section */

/* Begin PBXContainerItemProxy section */
		0A170CBB2C87BF4F0049BBD3 /* PBXContainerItemProxy */ = {
			isa = PBXContainerItemProxy;
			containerPortal = 0A170CA22C87BF4D0049BBD3 /* Project object */;
			proxyType = 1;
			remoteGlobalIDString = 0A170CA92C87BF4D0049BBD3;
			remoteInfo = YellowProject;
		};
		0A170CC52C87BF4F0049BBD3 /* PBXContainerItemProxy */ = {
			isa = PBXContainerItemProxy;
			containerPortal = 0A170CA22C87BF4D0049BBD3 /* Project object */;
			proxyType = 1;
			remoteGlobalIDString = 0A170CA92C87BF4D0049BBD3;
			remoteInfo = YellowProject;
		};
/* End PBXContainerItemProxy section */

/* Begin PBXFileReference section */
		0A170CAA2C87BF4D0049BBD3 /* YellowProject.app */ = {isa = PBXFileReference; explicitFileType = wrapper.application; includeInIndex = 0; path = YellowProject.app; sourceTree = BUILT_PRODUCTS_DIR; };
		0A170CAD2C87BF4D0049BBD3 /* YellowProjectApp.swift */ = {isa = PBXFileReference; lastKnownFileType = sourcecode.swift; path = YellowProjectApp.swift; sourceTree = "<group>"; };
		0A170CAF2C87BF4D0049BBD3 /* ContentView.swift */ = {isa = PBXFileReference; lastKnownFileType = sourcecode.swift; path = ContentView.swift; sourceTree = "<group>"; };
		0A170CB12C87BF4F0049BBD3 /* Assets.xcassets */ = {isa = PBXFileReference; lastKnownFileType = folder.assetcatalog; path = Assets.xcassets; sourceTree = "<group>"; };
		0A170CB42C87BF4F0049BBD3 /* Preview Assets.xcassets */ = {isa = PBXFileReference; lastKnownFileType = folder.assetcatalog; path = "Preview Assets.xcassets"; sourceTree = "<group>"; };
		0A170CBA2C87BF4F0049BBD3 /* YellowProjectTests.xctest */ = {isa = PBXFileReference; explicitFileType = wrapper.cfbundle; includeInIndex = 0; path = YellowProjectTests.xctest; sourceTree = BUILT_PRODUCTS_DIR; };
		0A170CBE2C87BF4F0049BBD3 /* YellowProjectTests.swift */ = {isa = PBXFileReference; lastKnownFileType = sourcecode.swift; path = YellowProjectTests.swift; sourceTree = "<group>"; };
		0A170CC42C87BF4F0049BBD3 /* YellowProjectUITests.xctest */ = {isa = PBXFileReference; explicitFileType = wrapper.cfbundle; includeInIndex = 0; path = YellowProjectUITests.xctest; sourceTree = BUILT_PRODUCTS_DIR; };
		0A170CC82C87BF4F0049BBD3 /* YellowProjectUITests.swift */ = {isa = PBXFileReference; lastKnownFileType = sourcecode.swift; path = YellowProjectUITests.swift; sourceTree = "<group>"; };
		0A170CCA2C87BF500049BBD3 /* YellowProjectUITestsLaunchTests.swift */ = {isa = PBXFileReference; lastKnownFileType = sourcecode.swift; path = YellowProjectUITestsLaunchTests.swift; sourceTree = "<group>"; };
		0A170CD72C87BF870049BBD3 /* yellow.swift */ = {isa = PBXFileReference; lastKnownFileType = sourcecode.swift; path = yellow.swift; sourceTree = "<group>"; };
/* End PBXFileReference section */

/* Begin PBXFrameworksBuildPhase section */
		0A170CA72C87BF4D0049BBD3 /* Frameworks */ = {
			isa = PBXFrameworksBuildPhase;
			buildActionMask = 2147483647;
			files = (
			);
			runOnlyForDeploymentPostprocessing = 0;
		};
		0A170CB72C87BF4F0049BBD3 /* Frameworks */ = {
			isa = PBXFrameworksBuildPhase;
			buildActionMask = 2147483647;
			files = (
			);
			runOnlyForDeploymentPostprocessing = 0;
		};
		0A170CC12C87BF4F0049BBD3 /* Frameworks */ = {
			isa = PBXFrameworksBuildPhase;
			buildActionMask = 2147483647;
			files = (
			);
			runOnlyForDeploymentPostprocessing = 0;
		};
/* End PBXFrameworksBuildPhase section */

/* Begin PBXGroup section */
		0A170CA12C87BF4D0049BBD3 = {
			isa = PBXGroup;
			children = (
				0A170CAC2C87BF4D0049BBD3 /* YellowProject */,
				0A170CBD2C87BF4F0049BBD3 /* YellowProjectTests */,
				0A170CC72C87BF4F0049BBD3 /* YellowProjectUITests */,
				0A170CAB2C87BF4D0049BBD3 /* Products */,
			);
			sourceTree = "<group>";
		};
		0A170CAB2C87BF4D0049BBD3 /* Products */ = {
			isa = PBXGroup;
			children = (
				0A170CAA2C87BF4D0049BBD3 /* YellowProject.app */,
				0A170CBA2C87BF4F0049BBD3 /* YellowProjectTests.xctest */,
				0A170CC42C87BF4F0049BBD3 /* YellowProjectUITests.xctest */,
			);
			name = Products;
			sourceTree = "<group>";
		};
		0A170CAC2C87BF4D0049BBD3 /* YellowProject */ = {
			isa = PBXGroup;
			children = (
				0A170CAD2C87BF4D0049BBD3 /* YellowProjectApp.swift */,
				0A170CAF2C87BF4D0049BBD3 /* ContentView.swift */,
				0A170CD72C87BF870049BBD3 /* yellow.swift */,
				0A170CB12C87BF4F0049BBD3 /* Assets.xcassets */,
				0A170CB32C87BF4F0049BBD3 /* Preview Content */,
			);
			path = YellowProject;
			sourceTree = "<group>";
		};
		0A170CB32C87BF4F0049BBD3 /* Preview Content */ = {
			isa = PBXGroup;
			children = (
				0A170CB42C87BF4F0049BBD3 /* Preview Assets.xcassets */,
			);
			path = "Preview Content";
			sourceTree = "<group>";
		};
		0A170CBD2C87BF4F0049BBD3 /* YellowProjectTests */ = {
			isa = PBXGroup;
			children = (
				0A170CBE2C87BF4F0049BBD3 /* YellowProjectTests.swift */,
			);
			path = YellowProjectTests;
			sourceTree = "<group>";
		};
		0A170CC72C87BF4F0049BBD3 /* YellowProjectUITests */ = {
			isa = PBXGroup;
			children = (
				0A170CC82C87BF4F0049BBD3 /* YellowProjectUITests.swift */,
				0A170CCA2C87BF500049BBD3 /* YellowProjectUITestsLaunchTests.swift */,
			);
			path = YellowProjectUITests;
			sourceTree = "<group>";
		};
/* End PBXGroup section */

/* Begin PBXNativeTarget section */
		0A170CA92C87BF4D0049BBD3 /* YellowProject */ = {
			isa = PBXNativeTarget;
			buildConfigurationList = 0A170CCE2C87BF500049BBD3 /* Build configuration list for PBXNativeTarget "YellowProject" */;
			buildPhases = (
				0A170CA62C87BF4D0049BBD3 /* Sources */,
				0A170CA72C87BF4D0049BBD3 /* Frameworks */,
				0A170CA82C87BF4D0049BBD3 /* Resources */,
			);
			buildRules = (
			);
			dependencies = (
			);
			name = YellowProject;
			productName = YellowProject;
			productReference = 0A170CAA2C87BF4D0049BBD3 /* YellowProject.app */;
			productType = "com.apple.product-type.application";
		};
		0A170CB92C87BF4F0049BBD3 /* YellowProjectTests */ = {
			isa = PBXNativeTarget;
			buildConfigurationList = 0A170CD12C87BF500049BBD3 /* Build configuration list for PBXNativeTarget "YellowProjectTests" */;
			buildPhases = (
				0A170CB62C87BF4F0049BBD3 /* Sources */,
				0A170CB72C87BF4F0049BBD3 /* Frameworks */,
				0A170CB82C87BF4F0049BBD3 /* Resources */,
			);
			buildRules = (
			);
			dependencies = (
				0A170CBC2C87BF4F0049BBD3 /* PBXTargetDependency */,
			);
			name = YellowProjectTests;
			productName = YellowProjectTests;
			productReference = 0A170CBA2C87BF4F0049BBD3 /* YellowProjectTests.xctest */;
			productType = "com.apple.product-type.bundle.unit-test";
		};
		0A170CC32C87BF4F0049BBD3 /* YellowProjectUITests */ = {
			isa = PBXNativeTarget;
			buildConfigurationList = 0A170CD42C87BF500049BBD3 /* Build configuration list for PBXNativeTarget "YellowProjectUITests" */;
			buildPhases = (
				0A170CC02C87BF4F0049BBD3 /* Sources */,
				0A170CC12C87BF4F0049BBD3 /* Frameworks */,
				0A170CC22C87BF4F0049BBD3 /* Resources */,
			);
			buildRules = (
			);
			dependencies = (
				0A170CC62C87BF4F0049BBD3 /* PBXTargetDependency */,
			);
			name = YellowProjectUITests;
			productName = YellowProjectUITests;
			productReference = 0A170CC42C87BF4F0049BBD3 /* YellowProjectUITests.xctest */;
			productType = "com.apple.product-type.bundle.ui-testing";
		};
/* End PBXNativeTarget section */

/* Begin PBXProject section */
		0A170CA22C87BF4D0049BBD3 /* Project object */ = {
			isa = PBXProject;
			attributes = {
				BuildIndependentTargetsInParallel = 1;
				LastSwiftUpdateCheck = 1540;
				LastUpgradeCheck = 1540;
				TargetAttributes = {
					0A170CA92C87BF4D0049BBD3 = {
						CreatedOnToolsVersion = 15.4;
					};
					0A170CB92C87BF4F0049BBD3 = {
						CreatedOnToolsVersion = 15.4;
						TestTargetID = 0A170CA92C87BF4D0049BBD3;
					};
					0A170CC32C87BF4F0049BBD3 = {
						CreatedOnToolsVersion = 15.4;
						TestTargetID = 0A170CA92C87BF4D0049BBD3;
					};
				};
			};
			buildConfigurationList = 0A170CA52C87BF4D0049BBD3 /* Build configuration list for PBXProject "YellowProject" */;
			compatibilityVersion = "Xcode 14.0";
			developmentRegion = en;
			hasScannedForEncodings = 0;
			knownRegions = (
				en,
				Base,
			);
			mainGroup = 0A170CA12C87BF4D0049BBD3;
			productRefGroup = 0A170CAB2C87BF4D0049BBD3 /* Products */;
			projectDirPath = "";
			projectRoot = "";
			targets = (
				0A170CA92C87BF4D0049BBD3 /* YellowProject */,
				0A170CB92C87BF4F0049BBD3 /* YellowProjectTests */,
				0A170CC32C87BF4F0049BBD3 /* YellowProjectUITests */,
			);
		};
/* End PBXProject section */

/* Begin PBXResourcesBuildPhase section */
		0A170CA82C87BF4D0049BBD3 /* Resources */ = {
			isa = PBXResourcesBuildPhase;
			buildActionMask = 2147483647;
			files = (
				0A170CB52C87BF4F0049BBD3 /* Preview Assets.xcassets in Resources */,
				0A170CB22C87BF4F0049BBD3 /* Assets.xcassets in Resources */,
			);
			runOnlyForDeploymentPostprocessing = 0;
		};
		0A170CB82C87BF4F0049BBD3 /* Resources */ = {
			isa = PBXResourcesBuildPhase;
			buildActionMask = 2147483647;
			files = (
			);
			runOnlyForDeploymentPostprocessing = 0;
		};
		0A170CC22C87BF4F0049BBD3 /* Resources */ = {
			isa = PBXResourcesBuildPhase;
			buildActionMask = 2147483647;
			files = (
			);
			runOnlyForDeploymentPostprocessing = 0;
		};
/* End PBXResourcesBuildPhase section */

/* Begin PBXSourcesBuildPhase section */
		0A170CA62C87BF4D0049BBD3 /* Sources */ = {
			isa = PBXSourcesBuildPhase;
			buildActionMask = 2147483647;
			files = (
				0A170CB02C87BF4D0049BBD3 /* ContentView.swift in Sources */,
				0A170CAE2C87BF4D0049BBD3 /* YellowProjectApp.swift in Sources */,
				0A170CD82C87BF870049BBD3 /* yellow.swift in Sources */,
			);
			runOnlyForDeploymentPostprocessing = 0;
		};
		0A170CB62C87BF4F0049BBD3 /* Sources */ = {
			isa = PBXSourcesBuildPhase;
			buildActionMask = 2147483647;
			files = (
				0A170CBF2C87BF4F0049BBD3 /* YellowProjectTests.swift in Sources */,
			);
			runOnlyForDeploymentPostprocessing = 0;
		};
		0A170CC02C87BF4F0049BBD3 /* Sources */ = {
			isa = PBXSourcesBuildPhase;
			buildActionMask = 2147483647;
			files = (
				0A170CCB2C87BF500049BBD3 /* YellowProjectUITestsLaunchTests.swift in Sources */,
				0A170CC92C87BF4F0049BBD3 /* YellowProjectUITests.swift in Sources */,
			);
			runOnlyForDeploymentPostprocessing = 0;
		};
/* End PBXSourcesBuildPhase section */

/* Begin PBXTargetDependency section */
		0A170CBC2C87BF4F0049BBD3 /* PBXTargetDependency */ = {
			isa = PBXTargetDependency;
			target = 0A170CA92C87BF4D0049BBD3 /* YellowProject */;
			targetProxy = 0A170CBB2C87BF4F0049BBD3 /* PBXContainerItemProxy */;
		};
		0A170CC62C87BF4F0049BBD3 /* PBXTargetDependency */ = {
			isa = PBXTargetDependency;
			target = 0A170CA92C87BF4D0049BBD3 /* YellowProject */;
			targetProxy = 0A170CC52C87BF4F0049BBD3 /* PBXContainerItemProxy */;
		};
/* End PBXTargetDependency section */

/* Begin XCBuildConfiguration section */
		0A170CCC2C87BF500049BBD3 /* Debug */ = {
			isa = XCBuildConfiguration;
			buildSettings = {
				ALWAYS_SEARCH_USER_PATHS = NO;
				ASSETCATALOG_COMPILER_GENERATE_SWIFT_ASSET_SYMBOL_EXTENSIONS = YES;
				CLANG_ANALYZER_NONNULL = YES;
				CLANG_ANALYZER_NUMBER_OBJECT_CONVERSION = YES_AGGRESSIVE;
				CLANG_CXX_LANGUAGE_STANDARD = "gnu++20";
				CLANG_ENABLE_MODULES = YES;
				CLANG_ENABLE_OBJC_ARC = YES;
				CLANG_ENABLE_OBJC_WEAK = YES;
				CLANG_WARN_BLOCK_CAPTURE_AUTORELEASING = YES;
				CLANG_WARN_BOOL_CONVERSION = YES;
				CLANG_WARN_COMMA = YES;
				CLANG_WARN_CONSTANT_CONVERSION = YES;
				CLANG_WARN_DEPRECATED_OBJC_IMPLEMENTATIONS = YES;
				CLANG_WARN_DIRECT_OBJC_ISA_USAGE = YES_ERROR;
				CLANG_WARN_DOCUMENTATION_COMMENTS = YES;
				CLANG_WARN_EMPTY_BODY = YES;
				CLANG_WARN_ENUM_CONVERSION = YES;
				CLANG_WARN_INFINITE_RECURSION = YES;
				CLANG_WARN_INT_CONVERSION = YES;
				CLANG_WARN_NON_LITERAL_NULL_CONVERSION = YES;
				CLANG_WARN_OBJC_IMPLICIT_RETAIN_SELF = YES;
				CLANG_WARN_OBJC_LITERAL_CONVERSION = YES;
				CLANG_WARN_OBJC_ROOT_CLASS = YES_ERROR;
				CLANG_WARN_QUOTED_INCLUDE_IN_FRAMEWORK_HEADER = YES;
				CLANG_WARN_RANGE_LOOP_ANALYSIS = YES;
				CLANG_WARN_STRICT_PROTOTYPES = YES;
				CLANG_WARN_SUSPICIOUS_MOVE = YES;
				CLANG_WARN_UNGUARDED_AVAILABILITY = YES_AGGRESSIVE;
				CLANG_WARN_UNREACHABLE_CODE = YES;
				CLANG_WARN__DUPLICATE_METHOD_MATCH = YES;
				COPY_PHASE_STRIP = NO;
				DEBUG_INFORMATION_FORMAT = dwarf;
				ENABLE_STRICT_OBJC_MSGSEND = YES;
				ENABLE_TESTABILITY = YES;
				ENABLE_USER_SCRIPT_SANDBOXING = YES;
				GCC_C_LANGUAGE_STANDARD = gnu17;
				GCC_DYNAMIC_NO_PIC = NO;
				GCC_NO_COMMON_BLOCKS = YES;
				GCC_OPTIMIZATION_LEVEL = 0;
				GCC_PREPROCESSOR_DEFINITIONS = (
					"DEBUG=1",
					"$(inherited)",
				);
				GCC_WARN_64_TO_32_BIT_CONVERSION = YES;
				GCC_WARN_ABOUT_RETURN_TYPE = YES_ERROR;
				GCC_WARN_UNDECLARED_SELECTOR = YES;
				GCC_WARN_UNINITIALIZED_AUTOS = YES_AGGRESSIVE;
				GCC_WARN_UNUSED_FUNCTION = YES;
				GCC_WARN_UNUSED_VARIABLE = YES;
				IPHONEOS_DEPLOYMENT_TARGET = 17.5;
				LOCALIZATION_PREFERS_STRING_CATALOGS = YES;
				MTL_ENABLE_DEBUG_INFO = INCLUDE_SOURCE;
				MTL_FAST_MATH = YES;
				ONLY_ACTIVE_ARCH = YES;
				SDKROOT = iphoneos;
				SWIFT_ACTIVE_COMPILATION_CONDITIONS = "DEBUG $(inherited)";
				SWIFT_OPTIMIZATION_LEVEL = "-Onone";
			};
			name = Debug;
		};
		0A170CCD2C87BF500049BBD3 /* Release */ = {
			isa = XCBuildConfiguration;
			buildSettings = {
				ALWAYS_SEARCH_USER_PATHS = NO;
				ASSETCATALOG_COMPILER_GENERATE_SWIFT_ASSET_SYMBOL_EXTENSIONS = YES;
				CLANG_ANALYZER_NONNULL = YES;
				CLANG_ANALYZER_NUMBER_OBJECT_CONVERSION = YES_AGGRESSIVE;
				CLANG_CXX_LANGUAGE_STANDARD = "gnu++20";
				CLANG_ENABLE_MODULES = YES;
				CLANG_ENABLE_OBJC_ARC = YES;
				CLANG_ENABLE_OBJC_WEAK = YES;
				CLANG_WARN_BLOCK_CAPTURE_AUTORELEASING = YES;
				CLANG_WARN_BOOL_CONVERSION = YES;
				CLANG_WARN_COMMA = YES;
				CLANG_WARN_CONSTANT_CONVERSION = YES;
				CLANG_WARN_DEPRECATED_OBJC_IMPLEMENTATIONS = YES;
				CLANG_WARN_DIRECT_OBJC_ISA_USAGE = YES_ERROR;
				CLANG_WARN_DOCUMENTATION_COMMENTS = YES;
				CLANG_WARN_EMPTY_BODY = YES;
				CLANG_WARN_ENUM_CONVERSION = YES;
				CLANG_WARN_INFINITE_RECURSION = YES;
				CLANG_WARN_INT_CONVERSION = YES;
				CLANG_WARN_NON_LITERAL_NULL_CONVERSION = YES;
				CLANG_WARN_OBJC_IMPLICIT_RETAIN_SELF = YES;
				CLANG_WARN_OBJC_LITERAL_CONVERSION = YES;
				CLANG_WARN_OBJC_ROOT_CLASS = YES_ERROR;
				CLANG_WARN_QUOTED_INCLUDE_IN_FRAMEWORK_HEADER = YES;
				CLANG_WARN_RANGE_LOOP_ANALYSIS = YES;
				CLANG_WARN_STRICT_PROTOTYPES = YES;
				CLANG_WARN_SUSPICIOUS_MOVE = YES;
				CLANG_WARN_UNGUARDED_AVAILABILITY = YES_AGGRESSIVE;
				CLANG_WARN_UNREACHABLE_CODE = YES;
				CLANG_WARN__DUPLICATE_METHOD_MATCH = YES;
				COPY_PHASE_STRIP = NO;
				DEBUG_INFORMATION_FORMAT = "dwarf-with-dsym";
				ENABLE_NS_ASSERTIONS = NO;
				ENABLE_STRICT_OBJC_MSGSEND = YES;
				ENABLE_USER_SCRIPT_SANDBOXING = YES;
				GCC_C_LANGUAGE_STANDARD = gnu17;
				GCC_NO_COMMON_BLOCKS = YES;
				GCC_WARN_64_TO_32_BIT_CONVERSION = YES;
				GCC_WARN_ABOUT_RETURN_TYPE = YES_ERROR;
				GCC_WARN_UNDECLARED_SELECTOR = YES;
				GCC_WARN_UNINITIALIZED_AUTOS = YES_AGGRESSIVE;
				GCC_WARN_UNUSED_FUNCTION = YES;
				GCC_WARN_UNUSED_VARIABLE = YES;
				IPHONEOS_DEPLOYMENT_TARGET = 17.5;
				LOCALIZATION_PREFERS_STRING_CATALOGS = YES;
				MTL_ENABLE_DEBUG_INFO = NO;
				MTL_FAST_MATH = YES;
				SDKROOT = iphoneos;
				SWIFT_COMPILATION_MODE = wholemodule;
				VALIDATE_PRODUCT = YES;
			};
			name = Release;
		};
		0A170CCF2C87BF500049BBD3 /* Debug */ = {
			isa = XCBuildConfiguration;
			buildSettings = {
				ASSETCATALOG_COMPILER_APPICON_NAME = AppIcon;
				ASSETCATALOG_COMPILER_GLOBAL_ACCENT_COLOR_NAME = AccentColor;
				CODE_SIGN_STYLE = Automatic;
				CURRENT_PROJECT_VERSION = 1;
				DEVELOPMENT_ASSET_PATHS = "\"YellowProject/Preview Content\"";
				ENABLE_PREVIEWS = YES;
				GENERATE_INFOPLIST_FILE = YES;
				INFOPLIST_KEY_UIApplicationSceneManifest_Generation = YES;
				INFOPLIST_KEY_UIApplicationSupportsIndirectInputEvents = YES;
				INFOPLIST_KEY_UILaunchScreen_Generation = YES;
				INFOPLIST_KEY_UISupportedInterfaceOrientations_iPad = "UIInterfaceOrientationPortrait UIInterfaceOrientationPortraitUpsideDown UIInterfaceOrientationLandscapeLeft UIInterfaceOrientationLandscapeRight";
				INFOPLIST_KEY_UISupportedInterfaceOrientations_iPhone = "UIInterfaceOrientationPortrait UIInterfaceOrientationLandscapeLeft UIInterfaceOrientationLandscapeRight";
				LD_RUNPATH_SEARCH_PATHS = (
					"$(inherited)",
					"@executable_path/Frameworks",
				);
				MARKETING_VERSION = 1.0;
				PRODUCT_BUNDLE_IDENTIFIER = apolito.YellowProject;
				PRODUCT_NAME = "$(TARGET_NAME)";
				SWIFT_EMIT_LOC_STRINGS = YES;
				SWIFT_VERSION = 5.0;
				TARGETED_DEVICE_FAMILY = "1,2";
			};
			name = Debug;
		};
		0A170CD02C87BF500049BBD3 /* Release */ = {
			isa = XCBuildConfiguration;
			buildSettings = {
				ASSETCATALOG_COMPILER_APPICON_NAME = AppIcon;
				ASSETCATALOG_COMPILER_GLOBAL_ACCENT_COLOR_NAME = AccentColor;
				CODE_SIGN_STYLE = Automatic;
				CURRENT_PROJECT_VERSION = 1;
				DEVELOPMENT_ASSET_PATHS = "\"YellowProject/Preview Content\"";
				ENABLE_PREVIEWS = YES;
				GENERATE_INFOPLIST_FILE = YES;
				INFOPLIST_KEY_UIApplicationSceneManifest_Generation = YES;
				INFOPLIST_KEY_UIApplicationSupportsIndirectInputEvents = YES;
				INFOPLIST_KEY_UILaunchScreen_Generation = YES;
				INFOPLIST_KEY_UISupportedInterfaceOrientations_iPad = "UIInterfaceOrientationPortrait UIInterfaceOrientationPortraitUpsideDown UIInterfaceOrientationLandscapeLeft UIInterfaceOrientationLandscapeRight";
				INFOPLIST_KEY_UISupportedInterfaceOrientations_iPhone = "UIInterfaceOrientationPortrait UIInterfaceOrientationLandscapeLeft UIInterfaceOrientationLandscapeRight";
				LD_RUNPATH_SEARCH_PATHS = (
					"$(inherited)",
					"@executable_path/Frameworks",
				);
				MARKETING_VERSION = 1.0;
				PRODUCT_BUNDLE_IDENTIFIER = apolito.YellowProject;
				PRODUCT_NAME = "$(TARGET_NAME)";
				SWIFT_EMIT_LOC_STRINGS = YES;
				SWIFT_VERSION = 5.0;
				TARGETED_DEVICE_FAMILY = "1,2";
			};
			name = Release;
		};
		0A170CD22C87BF500049BBD3 /* Debug */ = {
			isa = XCBuildConfiguration;
			buildSettings = {
				ALWAYS_EMBED_SWIFT_STANDARD_LIBRARIES = YES;
				BUNDLE_LOADER = "$(TEST_HOST)";
				CODE_SIGN_STYLE = Automatic;
				CURRENT_PROJECT_VERSION = 1;
				GENERATE_INFOPLIST_FILE = YES;
				IPHONEOS_DEPLOYMENT_TARGET = 17.5;
				MARKETING_VERSION = 1.0;
				PRODUCT_BUNDLE_IDENTIFIER = apolito.YellowProjectTests;
				PRODUCT_NAME = "$(TARGET_NAME)";
				SWIFT_EMIT_LOC_STRINGS = NO;
				SWIFT_VERSION = 5.0;
				TARGETED_DEVICE_FAMILY = "1,2";
				TEST_HOST = "$(BUILT_PRODUCTS_DIR)/YellowProject.app/$(BUNDLE_EXECUTABLE_FOLDER_PATH)/YellowProject";
			};
			name = Debug;
		};
		0A170CD32C87BF500049BBD3 /* Release */ = {
			isa = XCBuildConfiguration;
			buildSettings = {
				ALWAYS_EMBED_SWIFT_STANDARD_LIBRARIES = YES;
				BUNDLE_LOADER = "$(TEST_HOST)";
				CODE_SIGN_STYLE = Automatic;
				CURRENT_PROJECT_VERSION = 1;
				GENERATE_INFOPLIST_FILE = YES;
				IPHONEOS_DEPLOYMENT_TARGET = 17.5;
				MARKETING_VERSION = 1.0;
				PRODUCT_BUNDLE_IDENTIFIER = apolito.YellowProjectTests;
				PRODUCT_NAME = "$(TARGET_NAME)";
				SWIFT_EMIT_LOC_STRINGS = NO;
				SWIFT_VERSION = 5.0;
				TARGETED_DEVICE_FAMILY = "1,2";
				TEST_HOST = "$(BUILT_PRODUCTS_DIR)/YellowProject.app/$(BUNDLE_EXECUTABLE_FOLDER_PATH)/YellowProject";
			};
			name = Release;
		};
		0A170CD52C87BF500049BBD3 /* Debug */ = {
			isa = XCBuildConfiguration;
			buildSettings = {
				ALWAYS_EMBED_SWIFT_STANDARD_LIBRARIES = YES;
				CODE_SIGN_STYLE = Automatic;
				CURRENT_PROJECT_VERSION = 1;
				GENERATE_INFOPLIST_FILE = YES;
				MARKETING_VERSION = 1.0;
				PRODUCT_BUNDLE_IDENTIFIER = apolito.YellowProjectUITests;
				PRODUCT_NAME = "$(TARGET_NAME)";
				SWIFT_EMIT_LOC_STRINGS = NO;
				SWIFT_VERSION = 5.0;
				TARGETED_DEVICE_FAMILY = "1,2";
				TEST_TARGET_NAME = YellowProject;
			};
			name = Debug;
		};
		0A170CD62C87BF500049BBD3 /* Release */ = {
			isa = XCBuildConfiguration;
			buildSettings = {
				ALWAYS_EMBED_SWIFT_STANDARD_LIBRARIES = YES;
				CODE_SIGN_STYLE = Automatic;
				CURRENT_PROJECT_VERSION = 1;
				GENERATE_INFOPLIST_FILE = YES;
				MARKETING_VERSION = 1.0;
				PRODUCT_BUNDLE_IDENTIFIER = apolito.YellowProjectUITests;
				PRODUCT_NAME = "$(TARGET_NAME)";
				SWIFT_EMIT_LOC_STRINGS = NO;
				SWIFT_VERSION = 5.0;
				TARGETED_DEVICE_FAMILY = "1,2";
				TEST_TARGET_NAME = YellowProject;
			};
			name = Release;
		};
/* End XCBuildConfiguration section */

/* Begin XCConfigurationList section */
		0A170CA52C87BF4D0049BBD3 /* Build configuration list for PBXProject "YellowProject" */ = {
			isa = XCConfigurationList;
			buildConfigurations = (
				0A170CCC2C87BF500049BBD3 /* Debug */,
				0A170CCD2C87BF500049BBD3 /* Release */,
			);
			defaultConfigurationIsVisible = 0;
			defaultConfigurationName = Release;
		};
		0A170CCE2C87BF500049BBD3 /* Build configuration list for PBXNativeTarget "YellowProject" */ = {
			isa = XCConfigurationList;
			buildConfigurations = (
				0A170CCF2C87BF500049BBD3 /* Debug */,
				0A170CD02C87BF500049BBD3 /* Release */,
			);
			defaultConfigurationIsVisible = 0;
			defaultConfigurationName = Release;
		};
		0A170CD12C87BF500049BBD3 /* Build configuration list for PBXNativeTarget "YellowProjectTests" */ = {
			isa = XCConfigurationList;
			buildConfigurations = (
				0A170CD22C87BF500049BBD3 /* Debug */,
				0A170CD32C87BF500049BBD3 /* Release */,
			);
			defaultConfigurationIsVisible = 0;
			defaultConfigurationName = Release;
		};
		0A170CD42C87BF500049BBD3 /* Build configuration list for PBXNativeTarget "YellowProjectUITests" */ = {
			isa = XCConfigurationList;
			buildConfigurations = (
				0A170CD52C87BF500049BBD3 /* Debug */,
				0A170CD62C87BF500049BBD3 /* Release */,
			);
			defaultConfigurationIsVisible = 0;
			defaultConfigurationName = Release;
		};
/* End XCConfigurationList section */
	};
	rootObject = 0A170CA22C87BF4D0049BBD3 /* Project object */;
}
